// !$*UTF8*$!
{
	archiveVersion = 1;
	classes = {
	};
	objectVersion = 48;
	objects = {

/* Begin PBXBuildFile section */
		8E2102E023D5953C006E3972 /* Person.db in Resources */ = {isa = PBXBuildFile; fileRef = 8E2102DF23D5953C006E3972 /* Person.db */; };
		8E2102E923D59DB4006E3972 /* dbManager.swift in Sources */ = {isa = PBXBuildFile; fileRef = 8E2102E823D59DB4006E3972 /* dbManager.swift */; };
		8E5A02A523D1B5C700D44009 /* AppDelegate.swift in Sources */ = {isa = PBXBuildFile; fileRef = 8E5A02A423D1B5C700D44009 /* AppDelegate.swift */; };
		8E5A02A723D1B5C700D44009 /* ViewController.swift in Sources */ = {isa = PBXBuildFile; fileRef = 8E5A02A623D1B5C700D44009 /* ViewController.swift */; };
		8E5A02AA23D1B5C700D44009 /* Main.storyboard in Resources */ = {isa = PBXBuildFile; fileRef = 8E5A02A823D1B5C700D44009 /* Main.storyboard */; };
		8E5A02AC23D1B5C700D44009 /* Assets.xcassets in Resources */ = {isa = PBXBuildFile; fileRef = 8E5A02AB23D1B5C700D44009 /* Assets.xcassets */; };
		8E5A02AF23D1B5C700D44009 /* LaunchScreen.storyboard in Resources */ = {isa = PBXBuildFile; fileRef = 8E5A02AD23D1B5C700D44009 /* LaunchScreen.storyboard */; };
		8E9A656823D6F15300EF8B6D /* LoginViewController.swift in Sources */ = {isa = PBXBuildFile; fileRef = 8E9A656723D6F15300EF8B6D /* LoginViewController.swift */; };
		8E9A656A23D6F18200EF8B6D /* SignUpViewController.swift in Sources */ = {isa = PBXBuildFile; fileRef = 8E9A656923D6F18200EF8B6D /* SignUpViewController.swift */; };
/* End PBXBuildFile section */

/* Begin PBXFileReference section */
		8E2102DF23D5953C006E3972 /* Person.db */ = {isa = PBXFileReference; lastKnownFileType = file; name = Person.db; path = MysqllitePractice/Person.db; sourceTree = SOURCE_ROOT; };
		8E2102E123D5956A006E3972 /* MysqllitePractice-Bridging-Header.h */ = {isa = PBXFileReference; lastKnownFileType = sourcecode.c.h; path = "MysqllitePractice-Bridging-Header.h"; sourceTree = "<group>"; };
		8E2102E823D59DB4006E3972 /* dbManager.swift */ = {isa = PBXFileReference; lastKnownFileType = sourcecode.swift; path = dbManager.swift; sourceTree = "<group>"; };
		8E5A02A123D1B5C700D44009 /* MysqllitePractice.app */ = {isa = PBXFileReference; explicitFileType = wrapper.application; includeInIndex = 0; path = MysqllitePractice.app; sourceTree = BUILT_PRODUCTS_DIR; };
		8E5A02A423D1B5C700D44009 /* AppDelegate.swift */ = {isa = PBXFileReference; lastKnownFileType = sourcecode.swift; path = AppDelegate.swift; sourceTree = "<group>"; };
		8E5A02A623D1B5C700D44009 /* ViewController.swift */ = {isa = PBXFileReference; lastKnownFileType = sourcecode.swift; path = ViewController.swift; sourceTree = "<group>"; };
		8E5A02A923D1B5C700D44009 /* Base */ = {isa = PBXFileReference; lastKnownFileType = file.storyboard; name = Base; path = Base.lproj/Main.storyboard; sourceTree = "<group>"; };
		8E5A02AB23D1B5C700D44009 /* Assets.xcassets */ = {isa = PBXFileReference; lastKnownFileType = folder.assetcatalog; path = Assets.xcassets; sourceTree = "<group>"; };
		8E5A02AE23D1B5C700D44009 /* Base */ = {isa = PBXFileReference; lastKnownFileType = file.storyboard; name = Base; path = Base.lproj/LaunchScreen.storyboard; sourceTree = "<group>"; };
		8E5A02B023D1B5C700D44009 /* Info.plist */ = {isa = PBXFileReference; lastKnownFileType = text.plist.xml; path = Info.plist; sourceTree = "<group>"; };
		8E9A656723D6F15300EF8B6D /* LoginViewController.swift */ = {isa = PBXFileReference; lastKnownFileType = sourcecode.swift; path = LoginViewController.swift; sourceTree = "<group>"; };
		8E9A656923D6F18200EF8B6D /* SignUpViewController.swift */ = {isa = PBXFileReference; lastKnownFileType = sourcecode.swift; path = SignUpViewController.swift; sourceTree = "<group>"; };
/* End PBXFileReference section */

/* Begin PBXFrameworksBuildPhase section */
		8E5A029E23D1B5C700D44009 /* Frameworks */ = {
			isa = PBXFrameworksBuildPhase;
			buildActionMask = 2147483647;
			files = (
			);
			runOnlyForDeploymentPostprocessing = 0;
		};
/* End PBXFrameworksBuildPhase section */

/* Begin PBXGroup section */
		8E2102DD23D59474006E3972 /* New Group */ = {
			isa = PBXGroup;
			children = (
				8E2102DF23D5953C006E3972 /* Person.db */,
				8E2102E823D59DB4006E3972 /* dbManager.swift */,
			);
			path = "New Group";
			sourceTree = "<group>";
		};
		8E5A029823D1B5C700D44009 = {
			isa = PBXGroup;
			children = (
				8E5A02A323D1B5C700D44009 /* MysqllitePractice */,
				8E5A02A223D1B5C700D44009 /* Products */,
			);
			sourceTree = "<group>";
		};
		8E5A02A223D1B5C700D44009 /* Products */ = {
			isa = PBXGroup;
			children = (
				8E5A02A123D1B5C700D44009 /* MysqllitePractice.app */,
			);
			name = Products;
			sourceTree = "<group>";
		};
		8E5A02A323D1B5C700D44009 /* MysqllitePractice */ = {
			isa = PBXGroup;
			children = (
				8E2102DD23D59474006E3972 /* New Group */,
				8E5A02A423D1B5C700D44009 /* AppDelegate.swift */,
				8E5A02A623D1B5C700D44009 /* ViewController.swift */,
				8E5A02A823D1B5C700D44009 /* Main.storyboard */,
				8E5A02AB23D1B5C700D44009 /* Assets.xcassets */,
				8E5A02AD23D1B5C700D44009 /* LaunchScreen.storyboard */,
				8E5A02B023D1B5C700D44009 /* Info.plist */,
				8E2102E123D5956A006E3972 /* MysqllitePractice-Bridging-Header.h */,
				8E9A656723D6F15300EF8B6D /* LoginViewController.swift */,
				8E9A656923D6F18200EF8B6D /* SignUpViewController.swift */,
			);
			path = MysqllitePractice;
			sourceTree = "<group>";
		};
/* End PBXGroup section */

/* Begin PBXNativeTarget section */
		8E5A02A023D1B5C700D44009 /* MysqllitePractice */ = {
			isa = PBXNativeTarget;
			buildConfigurationList = 8E5A02B323D1B5C700D44009 /* Build configuration list for PBXNativeTarget "MysqllitePractice" */;
			buildPhases = (
				8E5A029D23D1B5C700D44009 /* Sources */,
				8E5A029E23D1B5C700D44009 /* Frameworks */,
				8E5A029F23D1B5C700D44009 /* Resources */,
			);
			buildRules = (
			);
			dependencies = (
			);
			name = MysqllitePractice;
			productName = MysqllitePractice;
			productReference = 8E5A02A123D1B5C700D44009 /* MysqllitePractice.app */;
			productType = "com.apple.product-type.application";
		};
/* End PBXNativeTarget section */

/* Begin PBXProject section */
		8E5A029923D1B5C700D44009 /* Project object */ = {
			isa = PBXProject;
			attributes = {
				LastSwiftUpdateCheck = 0920;
				LastUpgradeCheck = 0920;
				ORGANIZATIONNAME = "COE-008";
				TargetAttributes = {
					8E5A02A023D1B5C700D44009 = {
						CreatedOnToolsVersion = 9.2;
						LastSwiftMigration = 0920;
						ProvisioningStyle = Automatic;
					};
				};
			};
			buildConfigurationList = 8E5A029C23D1B5C700D44009 /* Build configuration list for PBXProject "MysqllitePractice" */;
			compatibilityVersion = "Xcode 8.0";
			developmentRegion = en;
			hasScannedForEncodings = 0;
			knownRegions = (
				en,
				Base,
			);
			mainGroup = 8E5A029823D1B5C700D44009;
			productRefGroup = 8E5A02A223D1B5C700D44009 /* Products */;
			projectDirPath = "";
			projectRoot = "";
			targets = (
				8E5A02A023D1B5C700D44009 /* MysqllitePractice */,
			);
		};
/* End PBXProject section */

/* Begin PBXResourcesBuildPhase section */
		8E5A029F23D1B5C700D44009 /* Resources */ = {
			isa = PBXResourcesBuildPhase;
			buildActionMask = 2147483647;
			files = (
				8E2102E023D5953C006E3972 /* Person.db in Resources */,
				8E5A02AF23D1B5C700D44009 /* LaunchScreen.storyboard in Resources */,
				8E5A02AC23D1B5C700D44009 /* Assets.xcassets in Resources */,
				8E5A02AA23D1B5C700D44009 /* Main.storyboard in Resources */,
			);
			runOnlyForDeploymentPostprocessing = 0;
		};
/* End PBXResourcesBuildPhase section */

/* Begin PBXSourcesBuildPhase section */
		8E5A029D23D1B5C700D44009 /* Sources */ = {
			isa = PBXSourcesBuildPhase;
			buildActionMask = 2147483647;
			files = (
				8E9A656823D6F15300EF8B6D /* LoginViewController.swift in Sources */,
				8E5A02A723D1B5C700D44009 /* ViewController.swift in Sources */,
				8E5A02A523D1B5C700D44009 /* AppDelegate.swift in Sources */,
				8E2102E923D59DB4006E3972 /* dbManager.swift in Sources */,
				8E9A656A23D6F18200EF8B6D /* SignUpViewController.swift in Sources */,
			);
			runOnlyForDeploymentPostprocessing = 0;
		};
/* End PBXSourcesBuildPhase section */

/* Begin PBXVariantGroup section */
		8E5A02A823D1B5C700D44009 /* Main.storyboard */ = {
			isa = PBXVariantGroup;
			children = (
				8E5A02A923D1B5C700D44009 /* Base */,
			);
			name = Main.storyboard;
			sourceTree = "<group>";
		};
		8E5A02AD23D1B5C700D44009 /* LaunchScreen.storyboard */ = {
			isa = PBXVariantGroup;
			children = (
				8E5A02AE23D1B5C700D44009 /* Base */,
			);
			name = LaunchScreen.storyboard;
			sourceTree = "<group>";
		};
/* End PBXVariantGroup section */

/* Begin XCBuildConfiguration section */
		8E5A02B123D1B5C700D44009 /* Debug */ = {
			isa = XCBuildConfiguration;
			buildSettings = {
				ALWAYS_SEARCH_USER_PATHS = NO;
				CLANG_ANALYZER_NONNULL = YES;
				CLANG_ANALYZER_NUMBER_OBJECT_CONVERSION = YES_AGGRESSIVE;
				CLANG_CXX_LANGUAGE_STANDARD = "gnu++14";
				CLANG_CXX_LIBRARY = "libc++";
				CLANG_ENABLE_MODULES = YES;
				CLANG_ENABLE_OBJC_ARC = YES;
				CLANG_WARN_BLOCK_CAPTURE_AUTORELEASING = YES;
				CLANG_WARN_BOOL_CONVERSION = YES;
				CLANG_WARN_COMMA = YES;
				CLANG_WARN_CONSTANT_CONVERSION = YES;
				CLANG_WARN_DIRECT_OBJC_ISA_USAGE = YES_ERROR;
				CLANG_WARN_DOCUMENTATION_COMMENTS = YES;
				CLANG_WARN_EMPTY_BODY = YES;
				CLANG_WARN_ENUM_CONVERSION = YES;
				CLANG_WARN_INFINITE_RECURSION = YES;
				CLANG_WARN_INT_CONVERSION = YES;
				CLANG_WARN_NON_LITERAL_NULL_CONVERSION = YES;
				CLANG_WARN_OBJC_LITERAL_CONVERSION = YES;
				CLANG_WARN_OBJC_ROOT_CLASS = YES_ERROR;
				CLANG_WARN_RANGE_LOOP_ANALYSIS = YES;
				CLANG_WARN_STRICT_PROTOTYPES = YES;
				CLANG_WARN_SUSPICIOUS_MOVE = YES;
				CLANG_WARN_UNGUARDED_AVAILABILITY = YES_AGGRESSIVE;
				CLANG_WARN_UNREACHABLE_CODE = YES;
				CLANG_WARN__DUPLICATE_METHOD_MATCH = YES;
				CODE_SIGN_IDENTITY = "iPhone Developer";
				COPY_PHASE_STRIP = NO;
				DEBUG_INFORMATION_FORMAT = dwarf;
				ENABLE_STRICT_OBJC_MSGSEND = YES;
				ENABLE_TESTABILITY = YES;
				GCC_C_LANGUAGE_STANDARD = gnu11;
				GCC_DYNAMIC_NO_PIC = NO;
				GCC_NO_COMMON_BLOCKS = YES;
				GCC_OPTIMIZATION_LEVEL = 0;
				GCC_PREPROCESSOR_DEFINITIONS = (
					"DEBUG=1",
					"$(inherited)",
				);
				GCC_WARN_64_TO_32_BIT_CONVERSION = YES;
				GCC_WARN_ABOUT_RETURN_TYPE = YES_ERROR;
				GCC_WARN_UNDECLARED_SELECTOR = YES;
				GCC_WARN_UNINITIALIZED_AUTOS = YES_AGGRESSIVE;
				GCC_WARN_UNUSED_FUNCTION = YES;
				GCC_WARN_UNUSED_VARIABLE = YES;
				IPHONEOS_DEPLOYMENT_TARGET = 11.2;
				MTL_ENABLE_DEBUG_INFO = YES;
				ONLY_ACTIVE_ARCH = YES;
				SDKROOT = iphoneos;
				SWIFT_ACTIVE_COMPILATION_CONDITIONS = DEBUG;
				SWIFT_OPTIMIZATION_LEVEL = "-Onone";
			};
			name = Debug;
		};
		8E5A02B223D1B5C700D44009 /* Release */ = {
			isa = XCBuildConfiguration;
			buildSettings = {
				ALWAYS_SEARCH_USER_PATHS = NO;
				CLANG_ANALYZER_NONNULL = YES;
				CLANG_ANALYZER_NUMBER_OBJECT_CONVERSION = YES_AGGRESSIVE;
				CLANG_CXX_LANGUAGE_STANDARD = "gnu++14";
				CLANG_CXX_LIBRARY = "libc++";
				CLANG_ENABLE_MODULES = YES;
				CLANG_ENABLE_OBJC_ARC = YES;
				CLANG_WARN_BLOCK_CAPTURE_AUTORELEASING = YES;
				CLANG_WARN_BOOL_CONVERSION = YES;
				CLANG_WARN_COMMA = YES;
				CLANG_WARN_CONSTANT_CONVERSION = YES;
				CLANG_WARN_DIRECT_OBJC_ISA_USAGE = YES_ERROR;
				CLANG_WARN_DOCUMENTATION_COMMENTS = YES;
				CLANG_WARN_EMPTY_BODY = YES;
				CLANG_WARN_ENUM_CONVERSION = YES;
				CLANG_WARN_INFINITE_RECURSION = YES;
				CLANG_WARN_INT_CONVERSION = YES;
				CLANG_WARN_NON_LITERAL_NULL_CONVERSION = YES;
				CLANG_WARN_OBJC_LITERAL_CONVERSION = YES;
				CLANG_WARN_OBJC_ROOT_CLASS = YES_ERROR;
				CLANG_WARN_RANGE_LOOP_ANALYSIS = YES;
				CLANG_WARN_STRICT_PROTOTYPES = YES;
				CLANG_WARN_SUSPICIOUS_MOVE = YES;
				CLANG_WARN_UNGUARDED_AVAILABILITY = YES_AGGRESSIVE;
				CLANG_WARN_UNREACHABLE_CODE = YES;
				CLANG_WARN__DUPLICATE_METHOD_MATCH = YES;
				CODE_SIGN_IDENTITY = "iPhone Developer";
				COPY_PHASE_STRIP = NO;
				DEBUG_INFORMATION_FORMAT = "dwarf-with-dsym";
				ENABLE_NS_ASSERTIONS = NO;
				ENABLE_STRICT_OBJC_MSGSEND = YES;
				GCC_C_LANGUAGE_STANDARD = gnu11;
				GCC_NO_COMMON_BLOCKS = YES;
				GCC_WARN_64_TO_32_BIT_CONVERSION = YES;
				GCC_WARN_ABOUT_RETURN_TYPE = YES_ERROR;
				GCC_WARN_UNDECLARED_SELECTOR = YES;
				GCC_WARN_UNINITIALIZED_AUTOS = YES_AGGRESSIVE;
				GCC_WARN_UNUSED_FUNCTION = YES;
				GCC_WARN_UNUSED_VARIABLE = YES;
				IPHONEOS_DEPLOYMENT_TARGET = 11.2;
				MTL_ENABLE_DEBUG_INFO = NO;
				SDKROOT = iphoneos;
				SWIFT_OPTIMIZATION_LEVEL = "-Owholemodule";
				VALIDATE_PRODUCT = YES;
			};
			name = Release;
		};
		8E5A02B423D1B5C700D44009 /* Debug */ = {
			isa = XCBuildConfiguration;
			buildSettings = {
				ASSETCATALOG_COMPILER_APPICON_NAME = AppIcon;
				CLANG_ENABLE_MODULES = YES;
				CODE_SIGN_STYLE = Automatic;
				INFOPLIST_FILE = MysqllitePractice/Info.plist;
				LD_RUNPATH_SEARCH_PATHS = "$(inherited) @executable_path/Frameworks";
				PRODUCT_BUNDLE_IDENTIFIER = vijay.MysqllitePractice;
				PRODUCT_NAME = "$(TARGET_NAME)";
				SWIFT_OBJC_BRIDGING_HEADER = "MysqllitePractice/MysqllitePractice-Bridging-Header.h";
				SWIFT_OPTIMIZATION_LEVEL = "-Onone";
				SWIFT_VERSION = 4.0;
				TARGETED_DEVICE_FAMILY = "1,2";
			};
			name = Debug;
		};
		8E5A02B523D1B5C700D44009 /* Release */ = {
			isa = XCBuildConfiguration;
			buildSettings = {
				ASSETCATALOG_COMPILER_APPICON_NAME = AppIcon;
				CLANG_ENABLE_MODULES = YES;
				CODE_SIGN_STYLE = Automatic;
				INFOPLIST_FILE = MysqllitePractice/Info.plist;
				LD_RUNPATH_SEARCH_PATHS = "$(inherited) @executable_path/Frameworks";
				PRODUCT_BUNDLE_IDENTIFIER = vijay.MysqllitePractice;
				PRODUCT_NAME = "$(TARGET_NAME)";
				SWIFT_OBJC_BRIDGING_HEADER = "MysqllitePractice/MysqllitePractice-Bridging-Header.h";
				SWIFT_VERSION = 4.0;
				TARGETED_DEVICE_FAMILY = "1,2";
			};
			name = Release;
		};
/* End XCBuildConfiguration section */

/* Begin XCConfigurationList section */
		8E5A029C23D1B5C700D44009 /* Build configuration list for PBXProject "MysqllitePractice" */ = {
			isa = XCConfigurationList;
			buildConfigurations = (
				8E5A02B123D1B5C700D44009 /* Debug */,
				8E5A02B223D1B5C700D44009 /* Release */,
			);
			defaultConfigurationIsVisible = 0;
			defaultConfigurationName = Release;
		};
		8E5A02B323D1B5C700D44009 /* Build configuration list for PBXNativeTarget "MysqllitePractice" */ = {
			isa = XCConfigurationList;
			buildConfigurations = (
				8E5A02B423D1B5C700D44009 /* Debug */,
				8E5A02B523D1B5C700D44009 /* Release */,
			);
			defaultConfigurationIsVisible = 0;
			defaultConfigurationName = Release;
		};
/* End XCConfigurationList section */
	};
	rootObject = 8E5A029923D1B5C700D44009 /* Project object */;
}
